github.com/Robbie08/webcrawler v0.0.0-20210720052525-e83bdc2f46d4 h1:/LgQP6QAmmwJPTR/Q/KepeUFoCLOQeZGi+yMR+c3C4I=
github.com/Robbie08/webcrawler v0.0.0-20210720052525-e83bdc2f46d4/go.mod h1:mR+xL3993yM733lLLyqXFzOVQBm3em5liENisWQHRT0=
github.com/Robbie08/webcrawler v0.0.0-20210720054607-205f414c580c h1:LJK2000wkmBOeh/aTr4HZ0+dbIi7dV9XjUo5rY4I9Dc=
github.com/Robbie08/webcrawler v0.0.0-20210720054607-205f414c580c/go.mod h1:mR+xL3993yM733lLLyqXFzOVQBm3em5liENisWQHRT0=
github.com/Robbie08/webcrawler v0.0.0-20210720061211-f51f841d6117 h1:/cJLuzkIxodBtxrJF5no8g2q/JjaEwK4io0gXwcFPQ0=
github.com/Robbie08/webcrawler v0.0.0-20210720061211-f51f841d6117/go.mod h1:mR+xL3993yM733lLLyqXFzOVQBm3em5liENisWQHRT0=
